
Microsoft Visual Studio Solution File, Format Version 12.00
# Visual Studio Version 17
VisualStudioVersion = 17.8.34511.84
MinimumVisualStudioVersion = 10.0.40219.1
Project("{FAE04EC0-301F-11D3-BF4B-00C04F79EFBC}") = "Funcao", "Funcao\Funcao\Funcao.csproj", "{53AE68BC-21B9-4EDD-A502-AAA414B0FC0A}"
EndProject
Project("{FAE04EC0-301F-11D3-BF4B-00C04F79EFBC}") = "Funcao.Client", "Funcao\Funcao.Client\Funcao.Client.csproj", "{A2551240-2505-410A-8A9B-423E2A0E94FA}"
EndProject
Global
	GlobalSection(SolutionConfigurationPlatforms) = preSolution
		Debug|Any CPU = Debug|Any CPU
		Release|Any CPU = Release|Any CPU
	EndGlobalSection
	GlobalSection(ProjectConfigurationPlatforms) = postSolution
		{53AE68BC-21B9-4EDD-A502-AAA414B0FC0A}.Debug|Any CPU.ActiveCfg = Debug|Any CPU
		{53AE68BC-21B9-4EDD-A502-AAA414B0FC0A}.Debug|Any CPU.Build.0 = Debug|Any CPU
		{53AE68BC-21B9-4EDD-A502-AAA414B0FC0A}.Release|Any CPU.ActiveCfg = Release|Any CPU
		{53AE68BC-21B9-4EDD-A502-AAA414B0FC0A}.Release|Any CPU.Build.0 = Release|Any CPU
		{A2551240-2505-410A-8A9B-423E2A0E94FA}.Debug|Any CPU.ActiveCfg = Debug|Any CPU
		{A2551240-2505-410A-8A9B-423E2A0E94FA}.Debug|Any CPU.Build.0 = Debug|Any CPU
		{A2551240-2505-410A-8A9B-423E2A0E94FA}.Release|Any CPU.ActiveCfg = Release|Any CPU
		{A2551240-2505-410A-8A9B-423E2A0E94FA}.Release|Any CPU.Build.0 = Release|Any CPU
	EndGlobalSection
	GlobalSection(SolutionProperties) = preSolution
		HideSolutionNode = FALSE
	EndGlobalSection
	GlobalSection(ExtensibilityGlobals) = postSolution
		SolutionGuid = {1CD632E4-4B5D-4E22-8F8E-82B423C58F80}
	EndGlobalSection
EndGlobal
